
Microsoft Visual Studio Solution File, Format Version 12.00
# Visual Studio Version 17
VisualStudioVersion = 17.8.34322.80
MinimumVisualStudioVersion = 10.0.40219.1
Project("{FAE04EC0-301F-11D3-BF4B-00C04F79EFBC}") = "ApiUtilities.Common", "src\ApiUtilities.Common\ApiUtilities.Common.csproj", "{BD6CEC24-AB83-43AB-AC15-123004BC5825}"
EndProject
Project("{FAE04EC0-301F-11D3-BF4B-00C04F79EFBC}") = "ApiUtilities.Tests", "ApiUtilities.Tests\ApiUtilities.Tests.csproj", "{9A1D0395-8FF5-49F3-9A80-959BB8CF8D57}"
EndProject
Global
	GlobalSection(SolutionConfigurationPlatforms) = preSolution
		Debug|Any CPU = Debug|Any CPU
		Release|Any CPU = Release|Any CPU
	EndGlobalSection
	GlobalSection(ProjectConfigurationPlatforms) = postSolution
		{BD6CEC24-AB83-43AB-AC15-123004BC5825}.Debug|Any CPU.ActiveCfg = Debug|Any CPU
		{BD6CEC24-AB83-43AB-AC15-123004BC5825}.Debug|Any CPU.Build.0 = Debug|Any CPU
		{BD6CEC24-AB83-43AB-AC15-123004BC5825}.Release|Any CPU.ActiveCfg = Release|Any CPU
		{BD6CEC24-AB83-43AB-AC15-123004BC5825}.Release|Any CPU.Build.0 = Release|Any CPU
		{9A1D0395-8FF5-49F3-9A80-959BB8CF8D57}.Debug|Any CPU.ActiveCfg = Debug|Any CPU
		{9A1D0395-8FF5-49F3-9A80-959BB8CF8D57}.Debug|Any CPU.Build.0 = Debug|Any CPU
		{9A1D0395-8FF5-49F3-9A80-959BB8CF8D57}.Release|Any CPU.ActiveCfg = Release|Any CPU
		{9A1D0395-8FF5-49F3-9A80-959BB8CF8D57}.Release|Any CPU.Build.0 = Release|Any CPU
	EndGlobalSection
	GlobalSection(SolutionProperties) = preSolution
		HideSolutionNode = FALSE
	EndGlobalSection
	GlobalSection(ExtensibilityGlobals) = postSolution
		SolutionGuid = {837AD48F-A6A3-4CC7-A4F3-C285E890F9EF}
	EndGlobalSection
EndGlobal
